
Microsoft Visual Studio Solution File, Format Version 12.00
# Visual Studio 2012
Project("{FAE04EC0-301F-11D3-BF4B-00C04F79EFBC}") = "Tests", "Tests\Tests.csproj", "{5C74AC41-A90D-4826-BE14-62E921BF2FF3}"
EndProject
Project("{FAE04EC0-301F-11D3-BF4B-00C04F79EFBC}") = "Rocks", "Rocks\Rocks.csproj", "{F664B039-829F-4828-AEE6-DCD51BDF659C}"
EndProject
Project("{FAE04EC0-301F-11D3-BF4B-00C04F79EFBC}") = "MobileApp", "MobileApp\MobileApp.csproj", "{E3BD7C0B-CEC6-4E56-86F3-CDA4C229AD0D}"
EndProject
Global
	GlobalSection(SolutionConfigurationPlatforms) = preSolution
		Debug|Any CPU = Debug|Any CPU
		Release|Any CPU = Release|Any CPU
		Debug|iPhoneSimulator = Debug|iPhoneSimulator
		Release|iPhone = Release|iPhone
		Release|iPhoneSimulator = Release|iPhoneSimulator
		Debug|iPhone = Debug|iPhone
	EndGlobalSection
	GlobalSection(ProjectConfigurationPlatforms) = postSolution
		{5C74AC41-A90D-4826-BE14-62E921BF2FF3}.Debug|Any CPU.ActiveCfg = Debug|iPhoneSimulator
		{5C74AC41-A90D-4826-BE14-62E921BF2FF3}.Debug|Any CPU.Build.0 = Debug|iPhoneSimulator
		{5C74AC41-A90D-4826-BE14-62E921BF2FF3}.Release|Any CPU.ActiveCfg = Release|iPhone
		{5C74AC41-A90D-4826-BE14-62E921BF2FF3}.Release|Any CPU.Build.0 = Release|iPhone
		{5C74AC41-A90D-4826-BE14-62E921BF2FF3}.Debug|iPhoneSimulator.ActiveCfg = Debug|iPhoneSimulator
		{5C74AC41-A90D-4826-BE14-62E921BF2FF3}.Debug|iPhoneSimulator.Build.0 = Debug|iPhoneSimulator
		{5C74AC41-A90D-4826-BE14-62E921BF2FF3}.Release|iPhone.ActiveCfg = Release|iPhone
		{5C74AC41-A90D-4826-BE14-62E921BF2FF3}.Release|iPhone.Build.0 = Release|iPhone
		{5C74AC41-A90D-4826-BE14-62E921BF2FF3}.Release|iPhoneSimulator.ActiveCfg = Release|iPhoneSimulator
		{5C74AC41-A90D-4826-BE14-62E921BF2FF3}.Release|iPhoneSimulator.Build.0 = Release|iPhoneSimulator
		{5C74AC41-A90D-4826-BE14-62E921BF2FF3}.Debug|iPhone.ActiveCfg = Debug|iPhone
		{5C74AC41-A90D-4826-BE14-62E921BF2FF3}.Debug|iPhone.Build.0 = Debug|iPhone
		{F664B039-829F-4828-AEE6-DCD51BDF659C}.Debug|Any CPU.ActiveCfg = Debug|Any CPU
		{F664B039-829F-4828-AEE6-DCD51BDF659C}.Debug|Any CPU.Build.0 = Debug|Any CPU
		{F664B039-829F-4828-AEE6-DCD51BDF659C}.Release|Any CPU.ActiveCfg = Release|Any CPU
		{F664B039-829F-4828-AEE6-DCD51BDF659C}.Release|Any CPU.Build.0 = Release|Any CPU
		{F664B039-829F-4828-AEE6-DCD51BDF659C}.Debug|iPhoneSimulator.ActiveCfg = Debug|Any CPU
		{F664B039-829F-4828-AEE6-DCD51BDF659C}.Debug|iPhoneSimulator.Build.0 = Debug|Any CPU
		{F664B039-829F-4828-AEE6-DCD51BDF659C}.Release|iPhone.ActiveCfg = Release|Any CPU
		{F664B039-829F-4828-AEE6-DCD51BDF659C}.Release|iPhone.Build.0 = Release|Any CPU
		{F664B039-829F-4828-AEE6-DCD51BDF659C}.Release|iPhoneSimulator.ActiveCfg = Release|Any CPU
		{F664B039-829F-4828-AEE6-DCD51BDF659C}.Release|iPhoneSimulator.Build.0 = Release|Any CPU
		{F664B039-829F-4828-AEE6-DCD51BDF659C}.Debug|iPhone.ActiveCfg = Debug|Any CPU
		{F664B039-829F-4828-AEE6-DCD51BDF659C}.Debug|iPhone.Build.0 = Debug|Any CPU
		{E3BD7C0B-CEC6-4E56-86F3-CDA4C229AD0D}.Debug|Any CPU.ActiveCfg = Debug|iPhoneSimulator
		{E3BD7C0B-CEC6-4E56-86F3-CDA4C229AD0D}.Debug|Any CPU.Build.0 = Debug|iPhoneSimulator
		{E3BD7C0B-CEC6-4E56-86F3-CDA4C229AD0D}.Release|Any CPU.ActiveCfg = Release|iPhone
		{E3BD7C0B-CEC6-4E56-86F3-CDA4C229AD0D}.Release|Any CPU.Build.0 = Release|iPhone
		{E3BD7C0B-CEC6-4E56-86F3-CDA4C229AD0D}.Debug|iPhoneSimulator.ActiveCfg = Debug|iPhoneSimulator
		{E3BD7C0B-CEC6-4E56-86F3-CDA4C229AD0D}.Debug|iPhoneSimulator.Build.0 = Debug|iPhoneSimulator
		{E3BD7C0B-CEC6-4E56-86F3-CDA4C229AD0D}.Release|iPhone.ActiveCfg = Release|iPhone
		{E3BD7C0B-CEC6-4E56-86F3-CDA4C229AD0D}.Release|iPhone.Build.0 = Release|iPhone
		{E3BD7C0B-CEC6-4E56-86F3-CDA4C229AD0D}.Release|iPhoneSimulator.ActiveCfg = Release|iPhoneSimulator
		{E3BD7C0B-CEC6-4E56-86F3-CDA4C229AD0D}.Release|iPhoneSimulator.Build.0 = Release|iPhoneSimulator
		{E3BD7C0B-CEC6-4E56-86F3-CDA4C229AD0D}.Debug|iPhone.ActiveCfg = Debug|iPhone
		{E3BD7C0B-CEC6-4E56-86F3-CDA4C229AD0D}.Debug|iPhone.Build.0 = Debug|iPhone
	EndGlobalSection
EndGlobal
